# This file is automatically @generated by Cargo.
# It is not intended for manual editing.
version = 4

[[package]]
name = "ru-libzmq"
version = "0.1.0"
dependencies = [
 "ru-libzmq-core",
]

[[package]]
name = "ru-libzmq-core"
version = "0.1.0"

[[package]]
name = "ru-libzmq-ffi"
version = "0.1.0"
dependencies = [
 "ru-libzmq-core",
]

[[package]]
name = "ru-libzmq-sys"
version = "0.1.0"
